
Microsoft Visual Studio Solution File, Format Version 12.00
# Visual Studio 15
VisualStudioVersion = 15.0.27130.2027
MinimumVisualStudioVersion = 10.0.40219.1
Project("{FAE04EC0-301F-11D3-BF4B-00C04F79EFBC}") = "Proyecto.Android", "Proyecto\Proyecto.Android\Proyecto.Android.csproj", "{99B6AA57-BB9C-4D9B-84AA-846B97E7527E}"
EndProject
Project("{FAE04EC0-301F-11D3-BF4B-00C04F79EFBC}") = "Proyecto.iOS", "Proyecto\Proyecto.iOS\Proyecto.iOS.csproj", "{653398D6-F1B7-4D84-88B2-95EB9B94DFF3}"
EndProject
Project("{FAE04EC0-301F-11D3-BF4B-00C04F79EFBC}") = "Proyecto", "Proyecto\Proyecto\Proyecto.csproj", "{294E81BD-B758-421D-BEA9-93A30BFF934A}"
EndProject
Global
	GlobalSection(SolutionConfigurationPlatforms) = preSolution
		Ad-Hoc|Any CPU = Ad-Hoc|Any CPU
		Ad-Hoc|iPhone = Ad-Hoc|iPhone
		Ad-Hoc|iPhoneSimulator = Ad-Hoc|iPhoneSimulator
		AppStore|Any CPU = AppStore|Any CPU
		AppStore|iPhone = AppStore|iPhone
		AppStore|iPhoneSimulator = AppStore|iPhoneSimulator
		Debug|Any CPU = Debug|Any CPU
		Debug|iPhone = Debug|iPhone
		Debug|iPhoneSimulator = Debug|iPhoneSimulator
		Release|Any CPU = Release|Any CPU
		Release|iPhone = Release|iPhone
		Release|iPhoneSimulator = Release|iPhoneSimulator
	EndGlobalSection
	GlobalSection(ProjectConfigurationPlatforms) = postSolution
		{99B6AA57-BB9C-4D9B-84AA-846B97E7527E}.Ad-Hoc|Any CPU.ActiveCfg = Release|Any CPU
		{99B6AA57-BB9C-4D9B-84AA-846B97E7527E}.Ad-Hoc|Any CPU.Build.0 = Release|Any CPU
		{99B6AA57-BB9C-4D9B-84AA-846B97E7527E}.Ad-Hoc|Any CPU.Deploy.0 = Release|Any CPU
		{99B6AA57-BB9C-4D9B-84AA-846B97E7527E}.Ad-Hoc|iPhone.ActiveCfg = Release|Any CPU
		{99B6AA57-BB9C-4D9B-84AA-846B97E7527E}.Ad-Hoc|iPhone.Build.0 = Release|Any CPU
		{99B6AA57-BB9C-4D9B-84AA-846B97E7527E}.Ad-Hoc|iPhone.Deploy.0 = Release|Any CPU
		{99B6AA57-BB9C-4D9B-84AA-846B97E7527E}.Ad-Hoc|iPhoneSimulator.ActiveCfg = Release|Any CPU
		{99B6AA57-BB9C-4D9B-84AA-846B97E7527E}.Ad-Hoc|iPhoneSimulator.Build.0 = Release|Any CPU
		{99B6AA57-BB9C-4D9B-84AA-846B97E7527E}.Ad-Hoc|iPhoneSimulator.Deploy.0 = Release|Any CPU
		{99B6AA57-BB9C-4D9B-84AA-846B97E7527E}.AppStore|Any CPU.ActiveCfg = Release|Any CPU
		{99B6AA57-BB9C-4D9B-84AA-846B97E7527E}.AppStore|Any CPU.Build.0 = Release|Any CPU
		{99B6AA57-BB9C-4D9B-84AA-846B97E7527E}.AppStore|Any CPU.Deploy.0 = Release|Any CPU
		{99B6AA57-BB9C-4D9B-84AA-846B97E7527E}.AppStore|iPhone.ActiveCfg = Release|Any CPU
		{99B6AA57-BB9C-4D9B-84AA-846B97E7527E}.AppStore|iPhone.Build.0 = Release|Any CPU
		{99B6AA57-BB9C-4D9B-84AA-846B97E7527E}.AppStore|iPhone.Deploy.0 = Release|Any CPU
		{99B6AA57-BB9C-4D9B-84AA-846B97E7527E}.AppStore|iPhoneSimulator.ActiveCfg = Release|Any CPU
		{99B6AA57-BB9C-4D9B-84AA-846B97E7527E}.AppStore|iPhoneSimulator.Build.0 = Release|Any CPU
		{99B6AA57-BB9C-4D9B-84AA-846B97E7527E}.AppStore|iPhoneSimulator.Deploy.0 = Release|Any CPU
		{99B6AA57-BB9C-4D9B-84AA-846B97E7527E}.Debug|Any CPU.ActiveCfg = Debug|Any CPU
		{99B6AA57-BB9C-4D9B-84AA-846B97E7527E}.Debug|Any CPU.Build.0 = Debug|Any CPU
		{99B6AA57-BB9C-4D9B-84AA-846B97E7527E}.Debug|Any CPU.Deploy.0 = Debug|Any CPU
		{99B6AA57-BB9C-4D9B-84AA-846B97E7527E}.Debug|iPhone.ActiveCfg = Debug|Any CPU
		{99B6AA57-BB9C-4D9B-84AA-846B97E7527E}.Debug|iPhone.Build.0 = Debug|Any CPU
		{99B6AA57-BB9C-4D9B-84AA-846B97E7527E}.Debug|iPhone.Deploy.0 = Debug|Any CPU
		{99B6AA57-BB9C-4D9B-84AA-846B97E7527E}.Debug|iPhoneSimulator.ActiveCfg = Debug|Any CPU
		{99B6AA57-BB9C-4D9B-84AA-846B97E7527E}.Debug|iPhoneSimulator.Build.0 = Debug|Any CPU
		{99B6AA57-BB9C-4D9B-84AA-846B97E7527E}.Debug|iPhoneSimulator.Deploy.0 = Debug|Any CPU
		{99B6AA57-BB9C-4D9B-84AA-846B97E7527E}.Release|Any CPU.ActiveCfg = Release|Any CPU
		{99B6AA57-BB9C-4D9B-84AA-846B97E7527E}.Release|Any CPU.Build.0 = Release|Any CPU
		{99B6AA57-BB9C-4D9B-84AA-846B97E7527E}.Release|Any CPU.Deploy.0 = Release|Any CPU
		{99B6AA57-BB9C-4D9B-84AA-846B97E7527E}.Release|iPhone.ActiveCfg = Release|Any CPU
		{99B6AA57-BB9C-4D9B-84AA-846B97E7527E}.Release|iPhone.Build.0 = Release|Any CPU
		{99B6AA57-BB9C-4D9B-84AA-846B97E7527E}.Release|iPhone.Deploy.0 = Release|Any CPU
		{99B6AA57-BB9C-4D9B-84AA-846B97E7527E}.Release|iPhoneSimulator.ActiveCfg = Release|Any CPU
		{99B6AA57-BB9C-4D9B-84AA-846B97E7527E}.Release|iPhoneSimulator.Build.0 = Release|Any CPU
		{99B6AA57-BB9C-4D9B-84AA-846B97E7527E}.Release|iPhoneSimulator.Deploy.0 = Release|Any CPU
		{653398D6-F1B7-4D84-88B2-95EB9B94DFF3}.Ad-Hoc|Any CPU.ActiveCfg = Ad-Hoc|iPhone
		{653398D6-F1B7-4D84-88B2-95EB9B94DFF3}.Ad-Hoc|iPhone.ActiveCfg = Ad-Hoc|iPhone
		{653398D6-F1B7-4D84-88B2-95EB9B94DFF3}.Ad-Hoc|iPhone.Build.0 = Ad-Hoc|iPhone
		{653398D6-F1B7-4D84-88B2-95EB9B94DFF3}.Ad-Hoc|iPhoneSimulator.ActiveCfg = Ad-Hoc|iPhoneSimulator
		{653398D6-F1B7-4D84-88B2-95EB9B94DFF3}.Ad-Hoc|iPhoneSimulator.Build.0 = Ad-Hoc|iPhoneSimulator
		{653398D6-F1B7-4D84-88B2-95EB9B94DFF3}.AppStore|Any CPU.ActiveCfg = AppStore|iPhone
		{653398D6-F1B7-4D84-88B2-95EB9B94DFF3}.AppStore|iPhone.ActiveCfg = AppStore|iPhone
		{653398D6-F1B7-4D84-88B2-95EB9B94DFF3}.AppStore|iPhone.Build.0 = AppStore|iPhone
		{653398D6-F1B7-4D84-88B2-95EB9B94DFF3}.AppStore|iPhoneSimulator.ActiveCfg = AppStore|iPhoneSimulator
		{653398D6-F1B7-4D84-88B2-95EB9B94DFF3}.AppStore|iPhoneSimulator.Build.0 = AppStore|iPhoneSimulator
		{653398D6-F1B7-4D84-88B2-95EB9B94DFF3}.Debug|Any CPU.ActiveCfg = Debug|iPhone
		{653398D6-F1B7-4D84-88B2-95EB9B94DFF3}.Debug|iPhone.ActiveCfg = Debug|iPhone
		{653398D6-F1B7-4D84-88B2-95EB9B94DFF3}.Debug|iPhone.Build.0 = Debug|iPhone
		{653398D6-F1B7-4D84-88B2-95EB9B94DFF3}.Debug|iPhoneSimulator.ActiveCfg = Debug|iPhoneSimulator
		{653398D6-F1B7-4D84-88B2-95EB9B94DFF3}.Debug|iPhoneSimulator.Build.0 = Debug|iPhoneSimulator
		{653398D6-F1B7-4D84-88B2-95EB9B94DFF3}.Release|Any CPU.ActiveCfg = Release|iPhone
		{653398D6-F1B7-4D84-88B2-95EB9B94DFF3}.Release|iPhone.ActiveCfg = Release|iPhone
		{653398D6-F1B7-4D84-88B2-95EB9B94DFF3}.Release|iPhone.Build.0 = Release|iPhone
		{653398D6-F1B7-4D84-88B2-95EB9B94DFF3}.Release|iPhoneSimulator.ActiveCfg = Release|iPhoneSimulator
		{653398D6-F1B7-4D84-88B2-95EB9B94DFF3}.Release|iPhoneSimulator.Build.0 = Release|iPhoneSimulator
		{294E81BD-B758-421D-BEA9-93A30BFF934A}.Ad-Hoc|Any CPU.ActiveCfg = Debug|Any CPU
		{294E81BD-B758-421D-BEA9-93A30BFF934A}.Ad-Hoc|Any CPU.Build.0 = Debug|Any CPU
		{294E81BD-B758-421D-BEA9-93A30BFF934A}.Ad-Hoc|iPhone.ActiveCfg = Debug|Any CPU
		{294E81BD-B758-421D-BEA9-93A30BFF934A}.Ad-Hoc|iPhone.Build.0 = Debug|Any CPU
		{294E81BD-B758-421D-BEA9-93A30BFF934A}.Ad-Hoc|iPhoneSimulator.ActiveCfg = Debug|Any CPU
		{294E81BD-B758-421D-BEA9-93A30BFF934A}.Ad-Hoc|iPhoneSimulator.Build.0 = Debug|Any CPU
		{294E81BD-B758-421D-BEA9-93A30BFF934A}.AppStore|Any CPU.ActiveCfg = Debug|Any CPU
		{294E81BD-B758-421D-BEA9-93A30BFF934A}.AppStore|Any CPU.Build.0 = Debug|Any CPU
		{294E81BD-B758-421D-BEA9-93A30BFF934A}.AppStore|iPhone.ActiveCfg = Debug|Any CPU
		{294E81BD-B758-421D-BEA9-93A30BFF934A}.AppStore|iPhone.Build.0 = Debug|Any CPU
		{294E81BD-B758-421D-BEA9-93A30BFF934A}.AppStore|iPhoneSimulator.ActiveCfg = Debug|Any CPU
		{294E81BD-B758-421D-BEA9-93A30BFF934A}.AppStore|iPhoneSimulator.Build.0 = Debug|Any CPU
		{294E81BD-B758-421D-BEA9-93A30BFF934A}.Debug|Any CPU.ActiveCfg = Debug|Any CPU
		{294E81BD-B758-421D-BEA9-93A30BFF934A}.Debug|Any CPU.Build.0 = Debug|Any CPU
		{294E81BD-B758-421D-BEA9-93A30BFF934A}.Debug|iPhone.ActiveCfg = Debug|Any CPU
		{294E81BD-B758-421D-BEA9-93A30BFF934A}.Debug|iPhone.Build.0 = Debug|Any CPU
		{294E81BD-B758-421D-BEA9-93A30BFF934A}.Debug|iPhoneSimulator.ActiveCfg = Debug|Any CPU
		{294E81BD-B758-421D-BEA9-93A30BFF934A}.Debug|iPhoneSimulator.Build.0 = Debug|Any CPU
		{294E81BD-B758-421D-BEA9-93A30BFF934A}.Release|Any CPU.ActiveCfg = Release|Any CPU
		{294E81BD-B758-421D-BEA9-93A30BFF934A}.Release|Any CPU.Build.0 = Release|Any CPU
		{294E81BD-B758-421D-BEA9-93A30BFF934A}.Release|iPhone.ActiveCfg = Release|Any CPU
		{294E81BD-B758-421D-BEA9-93A30BFF934A}.Release|iPhone.Build.0 = Release|Any CPU
		{294E81BD-B758-421D-BEA9-93A30BFF934A}.Release|iPhoneSimulator.ActiveCfg = Release|Any CPU
		{294E81BD-B758-421D-BEA9-93A30BFF934A}.Release|iPhoneSimulator.Build.0 = Release|Any CPU
	EndGlobalSection
	GlobalSection(SolutionProperties) = preSolution
		HideSolutionNode = FALSE
	EndGlobalSection
	GlobalSection(ExtensibilityGlobals) = postSolution
		SolutionGuid = {6D7E8828-CEB0-4672-8360-BED5C49D450F}
	EndGlobalSection
EndGlobal
